{
    "_readme": [
        "This file locks the dependencies of your project to a known state",
        "Read more about it at https://getcomposer.org/doc/01-basic-usage.md#composer-lock-the-lock-file",
        "This file is @generated automatically"
    ],
    "hash": "209a0c24c9feba8dd8ae3395c8f12464",
    "content-hash": "8a38a70ec8d91a16513fba1b67e8e652",
    "packages": [
        {
            "name": "woothemes/woocommerce-api",
            "version": "2.0.1",
            "source": {
                "type": "git",
                "url": "https://github.com/kloon/WooCommerce-REST-API-Client-Library.git",
                "reference": "66fb772d21822dde0a07ea083953a5873a390e07"
            },
            "dist": {
                "type": "zip",
                "url": "https://api.github.com/repos/kloon/WooCommerce-REST-API-Client-Library/zipball/66fb772d21822dde0a07ea083953a5873a390e07",
                "reference": "66fb772d21822dde0a07ea083953a5873a390e07",
                "shasum": ""
            },
            "require": {
                "ext-curl": "*",
                "ext-json": "*",
                "php": ">= 5.2.0"
            },
            "type": "library",
            "autoload": {
                "classmap": [
                    "lib/woocommerce-api"
                ]
            },
            "notification-url": "https://packagist.org/downloads/",
            "license": [
                "GPL v3"
            ],
            "authors": [
                {
                    "name": "Max Rice",
                    "email": "max@maxrice.com"
                },
                {
                    "name": "Gerhard Potgieter"
                }
            ],
            "description": "A client library for the WooCommerce REST API",
            "time": "2015-07-13 21:19:17"
        }
    ],
    "packages-dev": [],
    "aliases": [],
    "minimum-stability": "dev",
    "stability-flags": [],
    "prefer-stable": false,
    "prefer-lowest": false,
    "platform": [],
    "platform-dev": []
}
